// !$*UTF8*$!
{
	archiveVersion = 1;
	classes = {
	};
	objectVersion = 77;
	objects = {

/* Begin PBXContainerItemProxy section */
		A89AA71D2E16A8870020DB92 /* PBXContainerItemProxy */ = {
			isa = PBXContainerItemProxy;
			containerPortal = A89AA6FE2E16A8840020DB92 /* Project object */;
			proxyType = 1;
			remoteGlobalIDString = A89AA7052E16A8840020DB92;
			remoteInfo = OCRExample;
		};
		A89AA7272E16A8870020DB92 /* PBXContainerItemProxy */ = {
			isa = PBXContainerItemProxy;
			containerPortal = A89AA6FE2E16A8840020DB92 /* Project object */;
			proxyType = 1;
			remoteGlobalIDString = A89AA7052E16A8840020DB92;
			remoteInfo = OCRExample;
		};
/* End PBXContainerItemProxy section */

/* Begin PBXFileReference section */
		A89AA7062E16A8840020DB92 /* OCRExample.app */ = {isa = PBXFileReference; explicitFileType = wrapper.application; includeInIndex = 0; path = OCRExample.app; sourceTree = BUILT_PRODUCTS_DIR; };
		A89AA71C2E16A8870020DB92 /* OCRExampleTests.xctest */ = {isa = PBXFileReference; explicitFileType = wrapper.cfbundle; includeInIndex = 0; path = OCRExampleTests.xctest; sourceTree = BUILT_PRODUCTS_DIR; };
		A89AA7262E16A8870020DB92 /* OCRExampleUITests.xctest */ = {isa = PBXFileReference; explicitFileType = wrapper.cfbundle; includeInIndex = 0; path = OCRExampleUITests.xctest; sourceTree = BUILT_PRODUCTS_DIR; };
/* End PBXFileReference section */

/* Begin PBXFileSystemSynchronizedBuildFileExceptionSet section */
		A89AA72E2E16A8870020DB92 /* Exceptions for "OCRExample" folder in "OCRExample" target */ = {
			isa = PBXFileSystemSynchronizedBuildFileExceptionSet;
			membershipExceptions = (
				"Supporting Files/Info.plist",
			);
			target = A89AA7052E16A8840020DB92 /* OCRExample */;
		};
/* End PBXFileSystemSynchronizedBuildFileExceptionSet section */

/* Begin PBXFileSystemSynchronizedRootGroup section */
		A89AA7082E16A8840020DB92 /* OCRExample */ = {
			isa = PBXFileSystemSynchronizedRootGroup;
			exceptions = (
				A89AA72E2E16A8870020DB92 /* Exceptions for "OCRExample" folder in "OCRExample" target */,
			);
			path = OCRExample;
			sourceTree = "<group>";
		};
		A89AA71F2E16A8870020DB92 /* OCRExampleTests */ = {
			isa = PBXFileSystemSynchronizedRootGroup;
			path = OCRExampleTests;
			sourceTree = "<group>";
		};
		A89AA7292E16A8870020DB92 /* OCRExampleUITests */ = {
			isa = PBXFileSystemSynchronizedRootGroup;
			path = OCRExampleUITests;
			sourceTree = "<group>";
		};
/* End PBXFileSystemSynchronizedRootGroup section */

/* Begin PBXFrameworksBuildPhase section */
		A89AA7032E16A8840020DB92 /* Frameworks */ = {
			isa = PBXFrameworksBuildPhase;
			buildActionMask = 2147483647;
			files = (
			);
			runOnlyForDeploymentPostprocessing = 0;
		};
		A89AA7192E16A8870020DB92 /* Frameworks */ = {
			isa = PBXFrameworksBuildPhase;
			buildActionMask = 2147483647;
			files = (
			);
			runOnlyForDeploymentPostprocessing = 0;
		};
		A89AA7232E16A8870020DB92 /* Frameworks */ = {
			isa = PBXFrameworksBuildPhase;
			buildActionMask = 2147483647;
			files = (
			);
			runOnlyForDeploymentPostprocessing = 0;
		};
/* End PBXFrameworksBuildPhase section */

/* Begin PBXGroup section */
		A89AA6FD2E16A8840020DB92 = {
			isa = PBXGroup;
			children = (
				A89AA7082E16A8840020DB92 /* OCRExample */,
				A89AA71F2E16A8870020DB92 /* OCRExampleTests */,
				A89AA7292E16A8870020DB92 /* OCRExampleUITests */,
				A89AA7072E16A8840020DB92 /* Products */,
			);
			sourceTree = "<group>";
		};
		A89AA7072E16A8840020DB92 /* Products */ = {
			isa = PBXGroup;
			children = (
				A89AA7062E16A8840020DB92 /* OCRExample.app */,
				A89AA71C2E16A8870020DB92 /* OCRExampleTests.xctest */,
				A89AA7262E16A8870020DB92 /* OCRExampleUITests.xctest */,
			);
			name = Products;
			sourceTree = "<group>";
		};
/* End PBXGroup section */

/* Begin PBXNativeTarget section */
		A89AA7052E16A8840020DB92 /* OCRExample */ = {
			isa = PBXNativeTarget;
			buildConfigurationList = A89AA72F2E16A8870020DB92 /* Build configuration list for PBXNativeTarget "OCRExample" */;
			buildPhases = (
				A89AA7022E16A8840020DB92 /* Sources */,
				A89AA7032E16A8840020DB92 /* Frameworks */,
				A89AA7042E16A8840020DB92 /* Resources */,
			);
			buildRules = (
			);
			dependencies = (
			);
			fileSystemSynchronizedGroups = (
				A89AA7082E16A8840020DB92 /* OCRExample */,
			);
			name = OCRExample;
			packageProductDependencies = (
			);
			productName = OCRExample;
			productReference = A89AA7062E16A8840020DB92 /* OCRExample.app */;
			productType = "com.apple.product-type.application";
		};
		A89AA71B2E16A8870020DB92 /* OCRExampleTests */ = {
			isa = PBXNativeTarget;
			buildConfigurationList = A89AA7342E16A8870020DB92 /* Build configuration list for PBXNativeTarget "OCRExampleTests" */;
			buildPhases = (
				A89AA7182E16A8870020DB92 /* Sources */,
				A89AA7192E16A8870020DB92 /* Frameworks */,
				A89AA71A2E16A8870020DB92 /* Resources */,
			);
			buildRules = (
			);
			dependencies = (
				A89AA71E2E16A8870020DB92 /* PBXTargetDependency */,
			);
			fileSystemSynchronizedGroups = (
				A89AA71F2E16A8870020DB92 /* OCRExampleTests */,
			);
			name = OCRExampleTests;
			packageProductDependencies = (
			);
			productName = OCRExampleTests;
			productReference = A89AA71C2E16A8870020DB92 /* OCRExampleTests.xctest */;
			productType = "com.apple.product-type.bundle.unit-test";
		};
		A89AA7252E16A8870020DB92 /* OCRExampleUITests */ = {
			isa = PBXNativeTarget;
			buildConfigurationList = A89AA7372E16A8870020DB92 /* Build configuration list for PBXNativeTarget "OCRExampleUITests" */;
			buildPhases = (
				A89AA7222E16A8870020DB92 /* Sources */,
				A89AA7232E16A8870020DB92 /* Frameworks */,
				A89AA7242E16A8870020DB92 /* Resources */,
			);
			buildRules = (
			);
			dependencies = (
				A89AA7282E16A8870020DB92 /* PBXTargetDependency */,
			);
			fileSystemSynchronizedGroups = (
				A89AA7292E16A8870020DB92 /* OCRExampleUITests */,
			);
			name = OCRExampleUITests;
			packageProductDependencies = (
			);
			productName = OCRExampleUITests;
			productReference = A89AA7262E16A8870020DB92 /* OCRExampleUITests.xctest */;
			productType = "com.apple.product-type.bundle.ui-testing";
		};
/* End PBXNativeTarget section */

/* Begin PBXProject section */
		A89AA6FE2E16A8840020DB92 /* Project object */ = {
			isa = PBXProject;
			attributes = {
				BuildIndependentTargetsInParallel = 1;
				LastSwiftUpdateCheck = 1630;
				LastUpgradeCheck = 1630;
				TargetAttributes = {
					A89AA7052E16A8840020DB92 = {
						CreatedOnToolsVersion = 16.3;
					};
					A89AA71B2E16A8870020DB92 = {
						CreatedOnToolsVersion = 16.3;
						TestTargetID = A89AA7052E16A8840020DB92;
					};
					A89AA7252E16A8870020DB92 = {
						CreatedOnToolsVersion = 16.3;
						TestTargetID = A89AA7052E16A8840020DB92;
					};
				};
			};
			buildConfigurationList = A89AA7012E16A8840020DB92 /* Build configuration list for PBXProject "OCRExample" */;
			developmentRegion = en;
			hasScannedForEncodings = 0;
			knownRegions = (
				en,
				Base,
			);
			mainGroup = A89AA6FD2E16A8840020DB92;
			minimizedProjectReferenceProxies = 1;
			preferredProjectObjectVersion = 77;
			productRefGroup = A89AA7072E16A8840020DB92 /* Products */;
			projectDirPath = "";
			projectRoot = "";
			targets = (
				A89AA7052E16A8840020DB92 /* OCRExample */,
				A89AA71B2E16A8870020DB92 /* OCRExampleTests */,
				A89AA7252E16A8870020DB92 /* OCRExampleUITests */,
			);
		};
/* End PBXProject section */

/* Begin PBXResourcesBuildPhase section */
		A89AA7042E16A8840020DB92 /* Resources */ = {
			isa = PBXResourcesBuildPhase;
			buildActionMask = 2147483647;
			files = (
			);
			runOnlyForDeploymentPostprocessing = 0;
		};
		A89AA71A2E16A8870020DB92 /* Resources */ = {
			isa = PBXResourcesBuildPhase;
			buildActionMask = 2147483647;
			files = (
			);
			runOnlyForDeploymentPostprocessing = 0;
		};
		A89AA7242E16A8870020DB92 /* Resources */ = {
			isa = PBXResourcesBuildPhase;
			buildActionMask = 2147483647;
			files = (
			);
			runOnlyForDeploymentPostprocessing = 0;
		};
/* End PBXResourcesBuildPhase section */

/* Begin PBXSourcesBuildPhase section */
		A89AA7022E16A8840020DB92 /* Sources */ = {
			isa = PBXSourcesBuildPhase;
			buildActionMask = 2147483647;
			files = (
			);
			runOnlyForDeploymentPostprocessing = 0;
		};
		A89AA7182E16A8870020DB92 /* Sources */ = {
			isa = PBXSourcesBuildPhase;
			buildActionMask = 2147483647;
			files = (
			);
			runOnlyForDeploymentPostprocessing = 0;
		};
		A89AA7222E16A8870020DB92 /* Sources */ = {
			isa = PBXSourcesBuildPhase;
			buildActionMask = 2147483647;
			files = (
			);
			runOnlyForDeploymentPostprocessing = 0;
		};
/* End PBXSourcesBuildPhase section */

/* Begin PBXTargetDependency section */
		A89AA71E2E16A8870020DB92 /* PBXTargetDependency */ = {
			isa = PBXTargetDependency;
			target = A89AA7052E16A8840020DB92 /* OCRExample */;
			targetProxy = A89AA71D2E16A8870020DB92 /* PBXContainerItemProxy */;
		};
		A89AA7282E16A8870020DB92 /* PBXTargetDependency */ = {
			isa = PBXTargetDependency;
			target = A89AA7052E16A8840020DB92 /* OCRExample */;
			targetProxy = A89AA7272E16A8870020DB92 /* PBXContainerItemProxy */;
		};
/* End PBXTargetDependency section */

/* Begin XCBuildConfiguration section */
		A89AA7302E16A8870020DB92 /* Debug */ = {
			isa = XCBuildConfiguration;
			buildSettings = {
				ASSETCATALOG_COMPILER_APPICON_NAME = AppIcon;
				ASSETCATALOG_COMPILER_GLOBAL_ACCENT_COLOR_NAME = AccentColor;
				CODE_SIGN_STYLE = Automatic;
				CURRENT_PROJECT_VERSION = 1;
				DEVELOPMENT_TEAM = ZFQ4LB2HKZ;
				GENERATE_INFOPLIST_FILE = YES;
				INFOPLIST_FILE = "OCRExample/Supporting Files/Info.plist";
				INFOPLIST_KEY_UIApplicationSupportsIndirectInputEvents = YES;
				INFOPLIST_KEY_UILaunchStoryboardName = LaunchScreen;
				INFOPLIST_KEY_UISupportedInterfaceOrientations_iPad = "UIInterfaceOrientationPortrait UIInterfaceOrientationPortraitUpsideDown UIInterfaceOrientationLandscapeLeft UIInterfaceOrientationLandscapeRight";
				INFOPLIST_KEY_UISupportedInterfaceOrientations_iPhone = "UIInterfaceOrientationPortrait UIInterfaceOrientationLandscapeLeft UIInterfaceOrientationLandscapeRight";
				LD_RUNPATH_SEARCH_PATHS = (
					"$(inherited)",
					"@executable_path/Frameworks",
				);
				MARKETING_VERSION = 1.0;
				PRODUCT_BUNDLE_IDENTIFIER = sung9.OCRExample;
				PRODUCT_NAME = "$(TARGET_NAME)";
				SWIFT_EMIT_LOC_STRINGS = YES;
				SWIFT_VERSION = 5.0;
				TARGETED_DEVICE_FAMILY = "1,2";
			};
			name = Debug;
		};
		A89AA7312E16A8870020DB92 /* Release */ = {
			isa = XCBuildConfiguration;
			buildSettings = {
				ASSETCATALOG_COMPILER_APPICON_NAME = AppIcon;
				ASSETCATALOG_COMPILER_GLOBAL_ACCENT_COLOR_NAME = AccentColor;
				CODE_SIGN_STYLE = Automatic;
				CURRENT_PROJECT_VERSION = 1;
				DEVELOPMENT_TEAM = ZFQ4LB2HKZ;
				GENERATE_INFOPLIST_FILE = YES;
				INFOPLIST_FILE = "OCRExample/Supporting Files/Info.plist";
				INFOPLIST_KEY_UIApplicationSupportsIndirectInputEvents = YES;
				INFOPLIST_KEY_UILaunchStoryboardName = LaunchScreen;
				INFOPLIST_KEY_UISupportedInterfaceOrientations_iPad = "UIInterfaceOrientationPortrait UIInterfaceOrientationPortraitUpsideDown UIInterfaceOrientationLandscapeLeft UIInterfaceOrientationLandscapeRight";
				INFOPLIST_KEY_UISupportedInterfaceOrientations_iPhone = "UIInterfaceOrientationPortrait UIInterfaceOrientationLandscapeLeft UIInterfaceOrientationLandscapeRight";
				LD_RUNPATH_SEARCH_PATHS = (
					"$(inherited)",
					"@executable_path/Frameworks",
				);
				MARKETING_VERSION = 1.0;
				PRODUCT_BUNDLE_IDENTIFIER = sung9.OCRExample;
				PRODUCT_NAME = "$(TARGET_NAME)";
				SWIFT_EMIT_LOC_STRINGS = YES;
				SWIFT_VERSION = 5.0;
				TARGETED_DEVICE_FAMILY = "1,2";
			};
			name = Release;
		};
		A89AA7322E16A8870020DB92 /* Debug */ = {
			isa = XCBuildConfiguration;
			buildSettings = {
				ALWAYS_SEARCH_USER_PATHS = NO;
				ASSETCATALOG_COMPILER_GENERATE_SWIFT_ASSET_SYMBOL_EXTENSIONS = YES;
				CLANG_ANALYZER_NONNULL = YES;
				CLANG_ANALYZER_NUMBER_OBJECT_CONVERSION = YES_AGGRESSIVE;
				CLANG_CXX_LANGUAGE_STANDARD = "gnu++20";
				CLANG_ENABLE_MODULES = YES;
				CLANG_ENABLE_OBJC_ARC = YES;
				CLANG_ENABLE_OBJC_WEAK = YES;
				CLANG_WARN_BLOCK_CAPTURE_AUTORELEASING = YES;
				CLANG_WARN_BOOL_CONVERSION = YES;
				CLANG_WARN_COMMA = YES;
				CLANG_WARN_CONSTANT_CONVERSION = YES;
				CLANG_WARN_DEPRECATED_OBJC_IMPLEMENTATIONS = YES;
				CLANG_WARN_DIRECT_OBJC_ISA_USAGE = YES_ERROR;
				CLANG_WARN_DOCUMENTATION_COMMENTS = YES;
				CLANG_WARN_EMPTY_BODY = YES;
				CLANG_WARN_ENUM_CONVERSION = YES;
				CLANG_WARN_INFINITE_RECURSION = YES;
				CLANG_WARN_INT_CONVERSION = YES;
				CLANG_WARN_NON_LITERAL_NULL_CONVERSION = YES;
				CLANG_WARN_OBJC_IMPLICIT_RETAIN_SELF = YES;
				CLANG_WARN_OBJC_LITERAL_CONVERSION = YES;
				CLANG_WARN_OBJC_ROOT_CLASS = YES_ERROR;
				CLANG_WARN_QUOTED_INCLUDE_IN_FRAMEWORK_HEADER = YES;
				CLANG_WARN_RANGE_LOOP_ANALYSIS = YES;
				CLANG_WARN_STRICT_PROTOTYPES = YES;
				CLANG_WARN_SUSPICIOUS_MOVE = YES;
				CLANG_WARN_UNGUARDED_AVAILABILITY = YES_AGGRESSIVE;
				CLANG_WARN_UNREACHABLE_CODE = YES;
				CLANG_WARN__DUPLICATE_METHOD_MATCH = YES;
				COPY_PHASE_STRIP = NO;
				DEBUG_INFORMATION_FORMAT = dwarf;
				DEVELOPMENT_TEAM = ZFQ4LB2HKZ;
				ENABLE_STRICT_OBJC_MSGSEND = YES;
				ENABLE_TESTABILITY = YES;
				ENABLE_USER_SCRIPT_SANDBOXING = YES;
				GCC_C_LANGUAGE_STANDARD = gnu17;
				GCC_DYNAMIC_NO_PIC = NO;
				GCC_NO_COMMON_BLOCKS = YES;
				GCC_OPTIMIZATION_LEVEL = 0;
				GCC_PREPROCESSOR_DEFINITIONS = (
					"DEBUG=1",
					"$(inherited)",
				);
				GCC_WARN_64_TO_32_BIT_CONVERSION = YES;
				GCC_WARN_ABOUT_RETURN_TYPE = YES_ERROR;
				GCC_WARN_UNDECLARED_SELECTOR = YES;
				GCC_WARN_UNINITIALIZED_AUTOS = YES_AGGRESSIVE;
				GCC_WARN_UNUSED_FUNCTION = YES;
				GCC_WARN_UNUSED_VARIABLE = YES;
				IPHONEOS_DEPLOYMENT_TARGET = 18.4;
				LOCALIZATION_PREFERS_STRING_CATALOGS = YES;
				MTL_ENABLE_DEBUG_INFO = INCLUDE_SOURCE;
				MTL_FAST_MATH = YES;
				ONLY_ACTIVE_ARCH = YES;
				SDKROOT = iphoneos;
				SWIFT_ACTIVE_COMPILATION_CONDITIONS = "DEBUG $(inherited)";
				SWIFT_OPTIMIZATION_LEVEL = "-Onone";
			};
			name = Debug;
		};
		A89AA7332E16A8870020DB92 /* Release */ = {
			isa = XCBuildConfiguration;
			buildSettings = {
				ALWAYS_SEARCH_USER_PATHS = NO;
				ASSETCATALOG_COMPILER_GENERATE_SWIFT_ASSET_SYMBOL_EXTENSIONS = YES;
				CLANG_ANALYZER_NONNULL = YES;
				CLANG_ANALYZER_NUMBER_OBJECT_CONVERSION = YES_AGGRESSIVE;
				CLANG_CXX_LANGUAGE_STANDARD = "gnu++20";
				CLANG_ENABLE_MODULES = YES;
				CLANG_ENABLE_OBJC_ARC = YES;
				CLANG_ENABLE_OBJC_WEAK = YES;
				CLANG_WARN_BLOCK_CAPTURE_AUTORELEASING = YES;
				CLANG_WARN_BOOL_CONVERSION = YES;
				CLANG_WARN_COMMA = YES;
				CLANG_WARN_CONSTANT_CONVERSION = YES;
				CLANG_WARN_DEPRECATED_OBJC_IMPLEMENTATIONS = YES;
				CLANG_WARN_DIRECT_OBJC_ISA_USAGE = YES_ERROR;
				CLANG_WARN_DOCUMENTATION_COMMENTS = YES;
				CLANG_WARN_EMPTY_BODY = YES;
				CLANG_WARN_ENUM_CONVERSION = YES;
				CLANG_WARN_INFINITE_RECURSION = YES;
				CLANG_WARN_INT_CONVERSION = YES;
				CLANG_WARN_NON_LITERAL_NULL_CONVERSION = YES;
				CLANG_WARN_OBJC_IMPLICIT_RETAIN_SELF = YES;
				CLANG_WARN_OBJC_LITERAL_CONVERSION = YES;
				CLANG_WARN_OBJC_ROOT_CLASS = YES_ERROR;
				CLANG_WARN_QUOTED_INCLUDE_IN_FRAMEWORK_HEADER = YES;
				CLANG_WARN_RANGE_LOOP_ANALYSIS = YES;
				CLANG_WARN_STRICT_PROTOTYPES = YES;
				CLANG_WARN_SUSPICIOUS_MOVE = YES;
				CLANG_WARN_UNGUARDED_AVAILABILITY = YES_AGGRESSIVE;
				CLANG_WARN_UNREACHABLE_CODE = YES;
				CLANG_WARN__DUPLICATE_METHOD_MATCH = YES;
				COPY_PHASE_STRIP = NO;
				DEBUG_INFORMATION_FORMAT = "dwarf-with-dsym";
				DEVELOPMENT_TEAM = ZFQ4LB2HKZ;
				ENABLE_NS_ASSERTIONS = NO;
				ENABLE_STRICT_OBJC_MSGSEND = YES;
				ENABLE_USER_SCRIPT_SANDBOXING = YES;
				GCC_C_LANGUAGE_STANDARD = gnu17;
				GCC_NO_COMMON_BLOCKS = YES;
				GCC_WARN_64_TO_32_BIT_CONVERSION = YES;
				GCC_WARN_ABOUT_RETURN_TYPE = YES_ERROR;
				GCC_WARN_UNDECLARED_SELECTOR = YES;
				GCC_WARN_UNINITIALIZED_AUTOS = YES_AGGRESSIVE;
				GCC_WARN_UNUSED_FUNCTION = YES;
				GCC_WARN_UNUSED_VARIABLE = YES;
				IPHONEOS_DEPLOYMENT_TARGET = 18.4;
				LOCALIZATION_PREFERS_STRING_CATALOGS = YES;
				MTL_ENABLE_DEBUG_INFO = NO;
				MTL_FAST_MATH = YES;
				SDKROOT = iphoneos;
				SWIFT_COMPILATION_MODE = wholemodule;
				VALIDATE_PRODUCT = YES;
			};
			name = Release;
		};
		A89AA7352E16A8870020DB92 /* Debug */ = {
			isa = XCBuildConfiguration;
			buildSettings = {
				BUNDLE_LOADER = "$(TEST_HOST)";
				CODE_SIGN_STYLE = Automatic;
				CURRENT_PROJECT_VERSION = 1;
				DEVELOPMENT_TEAM = ZFQ4LB2HKZ;
				GENERATE_INFOPLIST_FILE = YES;
				IPHONEOS_DEPLOYMENT_TARGET = 18.4;
				MARKETING_VERSION = 1.0;
				PRODUCT_BUNDLE_IDENTIFIER = sung9.OCRExampleTests;
				PRODUCT_NAME = "$(TARGET_NAME)";
				SWIFT_EMIT_LOC_STRINGS = NO;
				SWIFT_VERSION = 5.0;
				TARGETED_DEVICE_FAMILY = "1,2";
				TEST_HOST = "$(BUILT_PRODUCTS_DIR)/OCRExample.app/$(BUNDLE_EXECUTABLE_FOLDER_PATH)/OCRExample";
			};
			name = Debug;
		};
		A89AA7362E16A8870020DB92 /* Release */ = {
			isa = XCBuildConfiguration;
			buildSettings = {
				BUNDLE_LOADER = "$(TEST_HOST)";
				CODE_SIGN_STYLE = Automatic;
				CURRENT_PROJECT_VERSION = 1;
				DEVELOPMENT_TEAM = ZFQ4LB2HKZ;
				GENERATE_INFOPLIST_FILE = YES;
				IPHONEOS_DEPLOYMENT_TARGET = 18.4;
				MARKETING_VERSION = 1.0;
				PRODUCT_BUNDLE_IDENTIFIER = sung9.OCRExampleTests;
				PRODUCT_NAME = "$(TARGET_NAME)";
				SWIFT_EMIT_LOC_STRINGS = NO;
				SWIFT_VERSION = 5.0;
				TARGETED_DEVICE_FAMILY = "1,2";
				TEST_HOST = "$(BUILT_PRODUCTS_DIR)/OCRExample.app/$(BUNDLE_EXECUTABLE_FOLDER_PATH)/OCRExample";
			};
			name = Release;
		};
		A89AA7382E16A8870020DB92 /* Debug */ = {
			isa = XCBuildConfiguration;
			buildSettings = {
				CODE_SIGN_STYLE = Automatic;
				CURRENT_PROJECT_VERSION = 1;
				DEVELOPMENT_TEAM = ZFQ4LB2HKZ;
				GENERATE_INFOPLIST_FILE = YES;
				MARKETING_VERSION = 1.0;
				PRODUCT_BUNDLE_IDENTIFIER = sung9.OCRExampleUITests;
				PRODUCT_NAME = "$(TARGET_NAME)";
				SWIFT_EMIT_LOC_STRINGS = NO;
				SWIFT_VERSION = 5.0;
				TARGETED_DEVICE_FAMILY = "1,2";
				TEST_TARGET_NAME = OCRExample;
			};
			name = Debug;
		};
		A89AA7392E16A8870020DB92 /* Release */ = {
			isa = XCBuildConfiguration;
			buildSettings = {
				CODE_SIGN_STYLE = Automatic;
				CURRENT_PROJECT_VERSION = 1;
				DEVELOPMENT_TEAM = ZFQ4LB2HKZ;
				GENERATE_INFOPLIST_FILE = YES;
				MARKETING_VERSION = 1.0;
				PRODUCT_BUNDLE_IDENTIFIER = sung9.OCRExampleUITests;
				PRODUCT_NAME = "$(TARGET_NAME)";
				SWIFT_EMIT_LOC_STRINGS = NO;
				SWIFT_VERSION = 5.0;
				TARGETED_DEVICE_FAMILY = "1,2";
				TEST_TARGET_NAME = OCRExample;
			};
			name = Release;
		};
/* End XCBuildConfiguration section */

/* Begin XCConfigurationList section */
		A89AA7012E16A8840020DB92 /* Build configuration list for PBXProject "OCRExample" */ = {
			isa = XCConfigurationList;
			buildConfigurations = (
				A89AA7322E16A8870020DB92 /* Debug */,
				A89AA7332E16A8870020DB92 /* Release */,
			);
			defaultConfigurationIsVisible = 0;
			defaultConfigurationName = Release;
		};
		A89AA72F2E16A8870020DB92 /* Build configuration list for PBXNativeTarget "OCRExample" */ = {
			isa = XCConfigurationList;
			buildConfigurations = (
				A89AA7302E16A8870020DB92 /* Debug */,
				A89AA7312E16A8870020DB92 /* Release */,
			);
			defaultConfigurationIsVisible = 0;
			defaultConfigurationName = Release;
		};
		A89AA7342E16A8870020DB92 /* Build configuration list for PBXNativeTarget "OCRExampleTests" */ = {
			isa = XCConfigurationList;
			buildConfigurations = (
				A89AA7352E16A8870020DB92 /* Debug */,
				A89AA7362E16A8870020DB92 /* Release */,
			);
			defaultConfigurationIsVisible = 0;
			defaultConfigurationName = Release;
		};
		A89AA7372E16A8870020DB92 /* Build configuration list for PBXNativeTarget "OCRExampleUITests" */ = {
			isa = XCConfigurationList;
			buildConfigurations = (
				A89AA7382E16A8870020DB92 /* Debug */,
				A89AA7392E16A8870020DB92 /* Release */,
			);
			defaultConfigurationIsVisible = 0;
			defaultConfigurationName = Release;
		};
/* End XCConfigurationList section */
	};
	rootObject = A89AA6FE2E16A8840020DB92 /* Project object */;
}
